{
  "lockfileVersion": 1,
  "configVersion": 1,
  "workspaces": {
    "": {
      "name": "anti-api",
      "dependencies": {
        "@aws/codewhisperer-streaming-client": "^1.0.40",
        "@bufbuild/protobuf": "^2.2.3",
        "@connectrpc/connect": "^2.0.0",
        "@connectrpc/connect-node": "^2.0.0",
        "@connectrpc/connect-web": "^2.1.1",
        "better-sqlite3": "^11.7.0",
        "citty": "^0.1.6",
        "consola": "^3.2.3",
        "hono": "^4.6.14",
        "localtunnel": "^2.0.2",
        "undici": "^7.16.0",
      },
      "devDependencies": {
        "@types/better-sqlite3": "^7.6.12",
        "@types/bun": "latest",
        "@types/localtunnel": "^2.0.4",
        "typescript": "^5.7.2",
      },
    },
  },
  "packages": {
    "@aws-crypto/crc32": ["@aws-crypto/crc32@5.2.0", "", { "dependencies": { "@aws-crypto/util": "^5.2.0", "@aws-sdk/types": "^3.222.0", "tslib": "^2.6.2" } }, "sha512-nLbCWqQNgUiwwtFsen1AdzAtvuLRsQS8rYgMuxCrdKf9kOssamGLuPwyTY9wyYblNr9+1XM8v6zoDTPPSIeANg=="],

    "@aws-crypto/sha256-browser": ["@aws-crypto/sha256-browser@5.2.0", "", { "dependencies": { "@aws-crypto/sha256-js": "^5.2.0", "@aws-crypto/supports-web-crypto": "^5.2.0", "@aws-crypto/util": "^5.2.0", "@aws-sdk/types": "^3.222.0", "@aws-sdk/util-locate-window": "^3.0.0", "@smithy/util-utf8": "^2.0.0", "tslib": "^2.6.2" } }, "sha512-AXfN/lGotSQwu6HNcEsIASo7kWXZ5HYWvfOmSNKDsEqC4OashTp8alTmaz+F7TC2L083SFv5RdB+qU3Vs1kZqw=="],

    "@aws-crypto/sha256-js": ["@aws-crypto/sha256-js@5.2.0", "", { "dependencies": { "@aws-crypto/util": "^5.2.0", "@aws-sdk/types": "^3.222.0", "tslib": "^2.6.2" } }, "sha512-FFQQyu7edu4ufvIZ+OadFpHHOt+eSTBaYaki44c+akjg7qZg9oOQeLlk77F6tSYqjDAFClrHJk9tMf0HdVyOvA=="],

    "@aws-crypto/supports-web-crypto": ["@aws-crypto/supports-web-crypto@5.2.0", "", { "dependencies": { "tslib": "^2.6.2" } }, "sha512-iAvUotm021kM33eCdNfwIN//F77/IADDSs58i+MDaOqFrVjZo9bAal0NK7HurRuWLLpF1iLX7gbWrjHjeo+YFg=="],

    "@aws-crypto/util": ["@aws-crypto/util@5.2.0", "", { "dependencies": { "@aws-sdk/types": "^3.222.0", "@smithy/util-utf8": "^2.0.0", "tslib": "^2.6.2" } }, "sha512-4RkU9EsI6ZpBve5fseQlGNUWKMa1RLPQ1dnjnQoe07ldfIzcsGb5hC5W0Dm7u423KWzawlrpbjXBrXCEv9zazQ=="],

    "@aws-sdk/core": ["@aws-sdk/core@3.974.8", "", { "dependencies": { "@aws-sdk/types": "^3.973.8", "@aws-sdk/xml-builder": "^3.972.22", "@smithy/core": "^3.23.17", "@smithy/node-config-provider": "^4.3.14", "@smithy/property-provider": "^4.2.14", "@smithy/protocol-http": "^5.3.14", "@smithy/signature-v4": "^5.3.14", "@smithy/smithy-client": "^4.12.13", "@smithy/types": "^4.14.1", "@smithy/util-base64": "^4.3.2", "@smithy/util-middleware": "^4.2.14", "@smithy/util-retry": "^4.3.6", "@smithy/util-utf8": "^4.2.2", "tslib": "^2.6.2" } }, "sha512-njR2qoG6ZuB0kvAS2FyICsFZJ6gmCcf2X/7JcD14sUvGDm26wiZ5BrA6LOiUxKFEF+IVe7kdroxyE00YlkiYsw=="],

    "@aws-sdk/middleware-host-header": ["@aws-sdk/middleware-host-header@3.972.10", "", { "dependencies": { "@aws-sdk/types": "^3.973.8", "@smithy/protocol-http": "^5.3.14", "@smithy/types": "^4.14.1", "tslib": "^2.6.2" } }, "sha512-IJSsIMeVQ8MMCPbuh1AbltkFhLBLXn7aejzfX5YKT/VLDHn++Dcz8886tXckE+wQssyPUhaXrJhdakO2VilRhg=="],

    "@aws-sdk/middleware-logger": ["@aws-sdk/middleware-logger@3.972.10", "", { "dependencies": { "@aws-sdk/types": "^3.973.8", "@smithy/types": "^4.14.1", "tslib": "^2.6.2" } }, "sha512-OOuGvvz1Dm20SjZo5oEBePFqxt5nf8AwkNDSyUHvD9/bfNASmstcYxFAHUowy4n6Io7mWUZ04JURZwSBvyQanQ=="],

    "@aws-sdk/middleware-recursion-detection": ["@aws-sdk/middleware-recursion-detection@3.972.11", "", { "dependencies": { "@aws-sdk/types": "^3.973.8", "@aws/lambda-invoke-store": "^0.2.2", "@smithy/protocol-http": "^5.3.14", "@smithy/types": "^4.14.1", "tslib": "^2.6.2" } }, "sha512-+zz6f79Kj9V5qFK2P+D8Ehjnw4AhphAlCAsPjUqEcInA9umtSSKMrHbSagEeOIsDNuvVrH98bjRHcyQukTrhaQ=="],

    "@aws-sdk/middleware-sdk-s3": ["@aws-sdk/middleware-sdk-s3@3.972.37", "", { "dependencies": { "@aws-sdk/core": "^3.974.8", "@aws-sdk/types": "^3.973.8", "@aws-sdk/util-arn-parser": "^3.972.3", "@smithy/core": "^3.23.17", "@smithy/node-config-provider": "^4.3.14", "@smithy/protocol-http": "^5.3.14", "@smithy/signature-v4": "^5.3.14", "@smithy/smithy-client": "^4.12.13", "@smithy/types": "^4.14.1", "@smithy/util-config-provider": "^4.2.2", "@smithy/util-middleware": "^4.2.14", "@smithy/util-stream": "^4.5.25", "@smithy/util-utf8": "^4.2.2", "tslib": "^2.6.2" } }, "sha512-Km7M+i8DrLArVzrid1gfxeGhYHBd3uxvE77g0s5a52zPSVosxzQBnJ0gwWb6NIp/DOk8gsBMhi7V+cpJG0ndTA=="],

    "@aws-sdk/middleware-user-agent": ["@aws-sdk/middleware-user-agent@3.972.38", "", { "dependencies": { "@aws-sdk/core": "^3.974.8", "@aws-sdk/types": "^3.973.8", "@aws-sdk/util-endpoints": "^3.996.8", "@smithy/core": "^3.23.17", "@smithy/protocol-http": "^5.3.14", "@smithy/types": "^4.14.1", "@smithy/util-retry": "^4.3.6", "tslib": "^2.6.2" } }, "sha512-iz+B29TXcAZsJpwB+AwG/TTGA5l/VnmMZ2UxtiySOZjI6gCdmviXPwdgzcmuazMy16rXoPY4mYCGe7zdNKfx5A=="],

    "@aws-sdk/nested-clients": ["@aws-sdk/nested-clients@3.997.6", "", { "dependencies": { "@aws-crypto/sha256-browser": "5.2.0", "@aws-crypto/sha256-js": "5.2.0", "@aws-sdk/core": "^3.974.8", "@aws-sdk/middleware-host-header": "^3.972.10", "@aws-sdk/middleware-logger": "^3.972.10", "@aws-sdk/middleware-recursion-detection": "^3.972.11", "@aws-sdk/middleware-user-agent": "^3.972.38", "@aws-sdk/region-config-resolver": "^3.972.13", "@aws-sdk/signature-v4-multi-region": "^3.996.25", "@aws-sdk/types": "^3.973.8", "@aws-sdk/util-endpoints": "^3.996.8", "@aws-sdk/util-user-agent-browser": "^3.972.10", "@aws-sdk/util-user-agent-node": "^3.973.24", "@smithy/config-resolver": "^4.4.17", "@smithy/core": "^3.23.17", "@smithy/fetch-http-handler": "^5.3.17", "@smithy/hash-node": "^4.2.14", "@smithy/invalid-dependency": "^4.2.14", "@smithy/middleware-content-length": "^4.2.14", "@smithy/middleware-endpoint": "^4.4.32", "@smithy/middleware-retry": "^4.5.7", "@smithy/middleware-serde": "^4.2.20", "@smithy/middleware-stack": "^4.2.14", "@smithy/node-config-provider": "^4.3.14", "@smithy/node-http-handler": "^4.6.1", "@smithy/protocol-http": "^5.3.14", "@smithy/smithy-client": "^4.12.13", "@smithy/types": "^4.14.1", "@smithy/url-parser": "^4.2.14", "@smithy/util-base64": "^4.3.2", "@smithy/util-body-length-browser": "^4.2.2", "@smithy/util-body-length-node": "^4.2.3", "@smithy/util-defaults-mode-browser": "^4.3.49", "@smithy/util-defaults-mode-node": "^4.2.54", "@smithy/util-endpoints": "^3.4.2", "@smithy/util-middleware": "^4.2.14", "@smithy/util-retry": "^4.3.6", "@smithy/util-utf8": "^4.2.2", "tslib": "^2.6.2" } }, "sha512-WBDnqatJl+kGObpfmfSxqnXeYTu3Me8wx8WCtvoxX3pfWrrTv8I4WTMSSs7PZqcRcVh8WeUKMgGFjMG+52SR1w=="],

    "@aws-sdk/region-config-resolver": ["@aws-sdk/region-config-resolver@3.972.13", "", { "dependencies": { "@aws-sdk/types": "^3.973.8", "@smithy/config-resolver": "^4.4.17", "@smithy/node-config-provider": "^4.3.14", "@smithy/types": "^4.14.1", "tslib": "^2.6.2" } }, "sha512-CvJ2ZIjK/jVD/lbOpowBVElJyC1YxLTIJ13yM0AEo0t2v7swOzGjSA6lJGH+DwZXQhcjUjoYwc8bVYCX5MDr1A=="],

    "@aws-sdk/signature-v4-multi-region": ["@aws-sdk/signature-v4-multi-region@3.996.25", "", { "dependencies": { "@aws-sdk/middleware-sdk-s3": "^3.972.37", "@aws-sdk/types": "^3.973.8", "@smithy/protocol-http": "^5.3.14", "@smithy/signature-v4": "^5.3.14", "@smithy/types": "^4.14.1", "tslib": "^2.6.2" } }, "sha512-+CMIt3e1VzlklAECmG+DtP1sV8iKq25FuA0OKpnJ4KA0kxUtd7CgClY7/RU6VzJBQwbN4EJ9Ue6plvqx1qGadw=="],

    "@aws-sdk/token-providers": ["@aws-sdk/token-providers@3.1045.0", "", { "dependencies": { "@aws-sdk/core": "^3.974.8", "@aws-sdk/nested-clients": "^3.997.6", "@aws-sdk/types": "^3.973.8", "@smithy/property-provider": "^4.2.14", "@smithy/shared-ini-file-loader": "^4.4.9", "@smithy/types": "^4.14.1", "tslib": "^2.6.2" } }, "sha512-/o4qcty0DmQola0DBniRVeBakYY6ALOvKEFo1AtJpTmMn/cJ+Fk3RWGe5ieT/f/eYbHG9k5E7poKge/E+WGv4Q=="],

    "@aws-sdk/types": ["@aws-sdk/types@3.973.8", "", { "dependencies": { "@smithy/types": "^4.14.1", "tslib": "^2.6.2" } }, "sha512-gjlAdtHMbtR9X5iIhVUvbVcy55KnznpC6bkDUWW9z915bi0ckdUr5cjf16Kp6xq0bP5HBD2xzgbL9F9Quv5vUw=="],

    "@aws-sdk/util-arn-parser": ["@aws-sdk/util-arn-parser@3.972.3", "", { "dependencies": { "tslib": "^2.6.2" } }, "sha512-HzSD8PMFrvgi2Kserxuff5VitNq2sgf3w9qxmskKDiDTThWfVteJxuCS9JXiPIPtmCrp+7N9asfIaVhBFORllA=="],

    "@aws-sdk/util-endpoints": ["@aws-sdk/util-endpoints@3.996.8", "", { "dependencies": { "@aws-sdk/types": "^3.973.8", "@smithy/types": "^4.14.1", "@smithy/url-parser": "^4.2.14", "@smithy/util-endpoints": "^3.4.2", "tslib": "^2.6.2" } }, "sha512-oOZHcRDihk5iEe5V25NVWg45b3qEA8OpHWVdU/XQh8Zj4heVPAJqWvMphQnU7LkufmUo10EpvFPZuQMiFLJK3g=="],

    "@aws-sdk/util-locate-window": ["@aws-sdk/util-locate-window@3.965.5", "", { "dependencies": { "tslib": "^2.6.2" } }, "sha512-WhlJNNINQB+9qtLtZJcpQdgZw3SCDCpXdUJP7cToGwHbCWCnRckGlc6Bx/OhWwIYFNAn+FIydY8SZ0QmVu3xTQ=="],

    "@aws-sdk/util-user-agent-browser": ["@aws-sdk/util-user-agent-browser@3.972.10", "", { "dependencies": { "@aws-sdk/types": "^3.973.8", "@smithy/types": "^4.14.1", "bowser": "^2.11.0", "tslib": "^2.6.2" } }, "sha512-FAzqXvfEssGdSIz8ejatan0bOdx1qefBWKF/gWmVBXIP1HkS7v/wjjaqrAGGKvyihrXTXW00/2/1nTJtxpXz7g=="],

    "@aws-sdk/util-user-agent-node": ["@aws-sdk/util-user-agent-node@3.973.24", "", { "dependencies": { "@aws-sdk/middleware-user-agent": "^3.972.38", "@aws-sdk/types": "^3.973.8", "@smithy/node-config-provider": "^4.3.14", "@smithy/types": "^4.14.1", "@smithy/util-config-provider": "^4.2.2", "tslib": "^2.6.2" }, "peerDependencies": { "aws-crt": ">=1.0.0" }, "optionalPeers": ["aws-crt"] }, "sha512-ZWwlkjcIp7cEL8ZfTpTAPNkwx25p7xol0xlKoWVVf22+nsjwmLcHYtTPjIV1cSpmB/b6DaK4cb1fSkvCXHgRdw=="],

    "@aws-sdk/xml-builder": ["@aws-sdk/xml-builder@3.972.22", "", { "dependencies": { "@nodable/entities": "2.1.0", "@smithy/types": "^4.14.1", "fast-xml-parser": "5.7.2", "tslib": "^2.6.2" } }, "sha512-PMYKKtJd70IsSG0yHrdAbxBr+ZWBKLvzFZfD3/urxgf6hXVMzuU5M+3MJ5G67RpOmLBu1fAUN65SbWuKUCOlAA=="],

    "@aws/codewhisperer-streaming-client": ["@aws/codewhisperer-streaming-client@1.0.40", "", { "dependencies": { "@aws-crypto/sha256-browser": "5.2.0", "@aws-crypto/sha256-js": "5.2.0", "@aws-sdk/core": "^3.973.27", "@aws-sdk/middleware-host-header": "^3.972.9", "@aws-sdk/middleware-logger": "^3.972.9", "@aws-sdk/middleware-recursion-detection": "^3.972.10", "@aws-sdk/middleware-user-agent": "^3.972.29", "@aws-sdk/region-config-resolver": "^3.972.11", "@aws-sdk/token-providers": "^3.1027.0", "@aws-sdk/types": "^3.973.7", "@aws-sdk/util-endpoints": "^3.996.6", "@aws-sdk/util-user-agent-browser": "^3.972.9", "@aws-sdk/util-user-agent-node": "^3.973.15", "@smithy/config-resolver": "^4.4.14", "@smithy/core": "^3.23.14", "@smithy/eventstream-serde-browser": "^4.2.13", "@smithy/eventstream-serde-config-resolver": "^4.3.13", "@smithy/eventstream-serde-node": "^4.2.13", "@smithy/fetch-http-handler": "^5.3.16", "@smithy/hash-node": "^4.2.13", "@smithy/invalid-dependency": "^4.2.13", "@smithy/middleware-content-length": "^4.2.13", "@smithy/middleware-endpoint": "^4.4.29", "@smithy/middleware-retry": "^4.5.0", "@smithy/middleware-serde": "^4.2.17", "@smithy/middleware-stack": "^4.2.13", "@smithy/node-config-provider": "^4.3.13", "@smithy/node-http-handler": "^4.5.2", "@smithy/protocol-http": "^5.3.13", "@smithy/smithy-client": "^4.12.9", "@smithy/types": "^4.14.0", "@smithy/url-parser": "^4.2.13", "@smithy/util-base64": "^4.3.2", "@smithy/util-body-length-browser": "^4.2.2", "@smithy/util-body-length-node": "^4.2.3", "@smithy/util-defaults-mode-browser": "^4.3.45", "@smithy/util-defaults-mode-node": "^4.2.49", "@smithy/util-endpoints": "^3.3.4", "@smithy/util-middleware": "^4.2.13", "@smithy/util-retry": "^4.3.0", "@smithy/util-utf8": "^4.2.2", "tslib": "^2.6.2" } }, "sha512-fCF1OIV3N8Qf7BRG08hV/1xHd4FTLeB7+3vabAmqC68v5x/5Pq70m936uyyJt0vtGTT+Eo535y6/cdFUPHkQlA=="],

    "@aws/lambda-invoke-store": ["@aws/lambda-invoke-store@0.2.4", "", {}, "sha512-iY8yvjE0y651BixKNPgmv1WrQc+GZ142sb0z4gYnChDDY2YqI4P/jsSopBWrKfAt7LOJAkOXt7rC/hms+WclQQ=="],

    "@bufbuild/protobuf": ["@bufbuild/protobuf@2.10.2", "", {}, "sha512-uFsRXwIGyu+r6AMdz+XijIIZJYpoWeYzILt5yZ2d3mCjQrWUTVpVD9WL/jZAbvp+Ed04rOhrsk7FiTcEDseB5A=="],

    "@connectrpc/connect": ["@connectrpc/connect@2.1.1", "", { "peerDependencies": { "@bufbuild/protobuf": "^2.7.0" } }, "sha512-JzhkaTvM73m2K1URT6tv53k2RwngSmCXLZJgK580qNQOXRzZRR/BCMfZw3h+90JpnG6XksP5bYT+cz0rpUzUWQ=="],

    "@connectrpc/connect-node": ["@connectrpc/connect-node@2.1.1", "", { "peerDependencies": { "@bufbuild/protobuf": "^2.7.0", "@connectrpc/connect": "2.1.1" } }, "sha512-s3TfsI1XF+n+1z6MBS9rTnFsxxR4Rw5wmdEnkQINli81ESGxcsfaEet8duzq8LVuuCupmhUsgpRo0Nv9pZkufg=="],

    "@connectrpc/connect-web": ["@connectrpc/connect-web@2.1.1", "", { "peerDependencies": { "@bufbuild/protobuf": "^2.7.0", "@connectrpc/connect": "2.1.1" } }, "sha512-J8317Q2MaFRCT1jzVR1o06bZhDIBmU0UAzWx6xOIXzOq8+k71/+k7MUF7AwcBUX+34WIvbm5syRgC5HXQA8fOg=="],

    "@nodable/entities": ["@nodable/entities@2.1.0", "", {}, "sha512-nyT7T3nbMyBI/lvr6L5TyWbFJAI9FTgVRakNoBqCD+PmID8DzFrrNdLLtHMwMszOtqZa8PAOV24ZqDnQrhQINA=="],

    "@smithy/config-resolver": ["@smithy/config-resolver@4.4.17", "", { "dependencies": { "@smithy/node-config-provider": "^4.3.14", "@smithy/types": "^4.14.1", "@smithy/util-config-provider": "^4.2.2", "@smithy/util-endpoints": "^3.4.2", "@smithy/util-middleware": "^4.2.14", "tslib": "^2.6.2" } }, "sha512-TzDZcAnhTyAHbXVxWZo7/tEcrIeFq20IBk8So3OLOetWpR8EwY/yEqBMBFaJMeyEiREDq4NfEl+qO3OAUD+vbQ=="],

    "@smithy/core": ["@smithy/core@3.23.17", "", { "dependencies": { "@smithy/protocol-http": "^5.3.14", "@smithy/types": "^4.14.1", "@smithy/url-parser": "^4.2.14", "@smithy/util-base64": "^4.3.2", "@smithy/util-body-length-browser": "^4.2.2", "@smithy/util-middleware": "^4.2.14", "@smithy/util-stream": "^4.5.25", "@smithy/util-utf8": "^4.2.2", "@smithy/uuid": "^1.1.2", "tslib": "^2.6.2" } }, "sha512-x7BlLbUFL8NWCGjMF9C+1N5cVCxcPa7g6Tv9B4A2luWx3be3oU8hQ96wIwxe/s7OhIzvoJH73HAUSg5JXVlEtQ=="],

    "@smithy/credential-provider-imds": ["@smithy/credential-provider-imds@4.2.14", "", { "dependencies": { "@smithy/node-config-provider": "^4.3.14", "@smithy/property-provider": "^4.2.14", "@smithy/types": "^4.14.1", "@smithy/url-parser": "^4.2.14", "tslib": "^2.6.2" } }, "sha512-Au28zBN48ZAoXdooGUHemuVBrkE+Ie6RPmGNIAJsFqj33Vhb6xAgRifUydZ2aY+M+KaMAETAlKk5NC5h1G7wpg=="],

    "@smithy/eventstream-codec": ["@smithy/eventstream-codec@4.2.14", "", { "dependencies": { "@aws-crypto/crc32": "5.2.0", "@smithy/types": "^4.14.1", "@smithy/util-hex-encoding": "^4.2.2", "tslib": "^2.6.2" } }, "sha512-erZq0nOIpzfeZdCyzZjdJb4nVSKLUmSkaQUVkRGQTXs30gyUGeKnrYEg+Xe1W5gE3aReS7IgsvANwVPxSzY6Pw=="],

    "@smithy/eventstream-serde-browser": ["@smithy/eventstream-serde-browser@4.2.14", "", { "dependencies": { "@smithy/eventstream-serde-universal": "^4.2.14", "@smithy/types": "^4.14.1", "tslib": "^2.6.2" } }, "sha512-8IelTCtTctWRbb+0Dcy+C0aICh1qa0qWXqgjcXDmMuCvPJRnv26hiDZoAau2ILOniki65mCPKqOQs/BaWvO4CQ=="],

    "@smithy/eventstream-serde-config-resolver": ["@smithy/eventstream-serde-config-resolver@4.3.14", "", { "dependencies": { "@smithy/types": "^4.14.1", "tslib": "^2.6.2" } }, "sha512-sqHiHpYRYo3FJlaIxD1J8PhbcmJAm7IuM16mVnwSkCToD7g00IBZzKuiLNMGmftULmEUX6/UAz8/NN5uMP8bVA=="],

    "@smithy/eventstream-serde-node": ["@smithy/eventstream-serde-node@4.2.14", "", { "dependencies": { "@smithy/eventstream-serde-universal": "^4.2.14", "@smithy/types": "^4.14.1", "tslib": "^2.6.2" } }, "sha512-Ht/8BuGlKfFTy0H3+8eEu0vdpwGztCnaLLXtpXNdQqiR7Hj4vFScU3T436vRAjATglOIPjJXronY+1WxxNLSiw=="],

    "@smithy/eventstream-serde-universal": ["@smithy/eventstream-serde-universal@4.2.14", "", { "dependencies": { "@smithy/eventstream-codec": "^4.2.14", "@smithy/types": "^4.14.1", "tslib": "^2.6.2" } }, "sha512-lWyt4T2XQZUZgK3tQ3Wn0w3XBvZsK/vjTuJl6bXbnGZBHH0ZUSONTYiK9TgjTTzU54xQr3DRFwpjmhp0oLm3gg=="],

    "@smithy/fetch-http-handler": ["@smithy/fetch-http-handler@5.3.17", "", { "dependencies": { "@smithy/protocol-http": "^5.3.14", "@smithy/querystring-builder": "^4.2.14", "@smithy/types": "^4.14.1", "@smithy/util-base64": "^4.3.2", "tslib": "^2.6.2" } }, "sha512-bXOvQzaSm6MnmLaWA1elgfQcAtN4UP3vXqV97bHuoOrHQOJiLT3ds6o9eo5bqd0TJfRFpzdGnDQdW3FACiAVdw=="],

    "@smithy/hash-node": ["@smithy/hash-node@4.2.14", "", { "dependencies": { "@smithy/types": "^4.14.1", "@smithy/util-buffer-from": "^4.2.2", "@smithy/util-utf8": "^4.2.2", "tslib": "^2.6.2" } }, "sha512-8ZBDY2DD4wr+GGjTpPtiglEsqr0lUP+KHqgZcWczFf6qeZ/YRjMIOoQWVQlmwu7EtxKTd8YXD8lblmYcpBIA1g=="],

    "@smithy/invalid-dependency": ["@smithy/invalid-dependency@4.2.14", "", { "dependencies": { "@smithy/types": "^4.14.1", "tslib": "^2.6.2" } }, "sha512-c21qJiTSb25xvvOp+H2TNZzPCngrvl5vIPqPB8zQ/DmJF4QWXO19x1dWfMJZ6wZuuWUPPm0gV8C0cU3+ifcWuw=="],

    "@smithy/is-array-buffer": ["@smithy/is-array-buffer@4.2.2", "", { "dependencies": { "tslib": "^2.6.2" } }, "sha512-n6rQ4N8Jj4YTQO3YFrlgZuwKodf4zUFs7EJIWH86pSCWBaAtAGBFfCM7Wx6D2bBJ2xqFNxGBSrUWswT3M0VJow=="],

    "@smithy/middleware-content-length": ["@smithy/middleware-content-length@4.2.14", "", { "dependencies": { "@smithy/protocol-http": "^5.3.14", "@smithy/types": "^4.14.1", "tslib": "^2.6.2" } }, "sha512-xhHq7fX4/3lv5NHxLUk3OeEvl0xZ+Ek3qIbWaCL4f9JwgDZEclPBElljaZCAItdGPQl/kSM4LPMOpy1MYgprpw=="],

    "@smithy/middleware-endpoint": ["@smithy/middleware-endpoint@4.4.32", "", { "dependencies": { "@smithy/core": "^3.23.17", "@smithy/middleware-serde": "^4.2.20", "@smithy/node-config-provider": "^4.3.14", "@smithy/shared-ini-file-loader": "^4.4.9", "@smithy/types": "^4.14.1", "@smithy/url-parser": "^4.2.14", "@smithy/util-middleware": "^4.2.14", "tslib": "^2.6.2" } }, "sha512-ZZkgyjnJppiZbIm6Qbx92pbXYi1uzenIvGhBSCDlc7NwuAkiqSgS75j1czAD25ZLs2FjMjYy1q7gyRVWG6JA0Q=="],

    "@smithy/middleware-retry": ["@smithy/middleware-retry@4.5.7", "", { "dependencies": { "@smithy/core": "^3.23.17", "@smithy/node-config-provider": "^4.3.14", "@smithy/protocol-http": "^5.3.14", "@smithy/service-error-classification": "^4.3.1", "@smithy/smithy-client": "^4.12.13", "@smithy/types": "^4.14.1", "@smithy/util-middleware": "^4.2.14", "@smithy/util-retry": "^4.3.6", "@smithy/uuid": "^1.1.2", "tslib": "^2.6.2" } }, "sha512-bRt6ZImqVSeTk39Nm81K20ObIiAZ3WefY7G6+iz/0tZjs4dgRRjvRX2sgsH+zi6iDCRR/aQvQofLKxxz4rPBZg=="],

    "@smithy/middleware-serde": ["@smithy/middleware-serde@4.2.20", "", { "dependencies": { "@smithy/core": "^3.23.17", "@smithy/protocol-http": "^5.3.14", "@smithy/types": "^4.14.1", "tslib": "^2.6.2" } }, "sha512-Lx9JMO9vArPtiChE3wbEZ5akMIDQpWQtlu90lhACQmNOXcGXRbaDywMHDzuDZ2OkZzP+9wQfZi3YJT9F67zTQQ=="],

    "@smithy/middleware-stack": ["@smithy/middleware-stack@4.2.14", "", { "dependencies": { "@smithy/types": "^4.14.1", "tslib": "^2.6.2" } }, "sha512-2dvkUKLuFdKsCRmOE4Mn63co0Djtsm+JMh0bYZQupN1pJwMeE8FmQmRLLzzEMN0dnNi7CDCYYH8F0EVwWiPBeA=="],

    "@smithy/node-config-provider": ["@smithy/node-config-provider@4.3.14", "", { "dependencies": { "@smithy/property-provider": "^4.2.14", "@smithy/shared-ini-file-loader": "^4.4.9", "@smithy/types": "^4.14.1", "tslib": "^2.6.2" } }, "sha512-S+gFjyo/weSVL0P1b9Ts8C/CwIfNCgUPikk3sl6QVsfE/uUuO+QsF+NsE/JkpvWqqyz1wg7HFdiaZuj5CoBMRg=="],

    "@smithy/node-http-handler": ["@smithy/node-http-handler@4.6.1", "", { "dependencies": { "@smithy/protocol-http": "^5.3.14", "@smithy/querystring-builder": "^4.2.14", "@smithy/types": "^4.14.1", "tslib": "^2.6.2" } }, "sha512-iB+orM4x3xrr57X3YaXazfKnntl0LHlZB1kcXSGzMV1Tt0+YwEjGlbjk/44qEGtBzXAz6yFDzkYTKSV6Pj2HUg=="],

    "@smithy/property-provider": ["@smithy/property-provider@4.2.14", "", { "dependencies": { "@smithy/types": "^4.14.1", "tslib": "^2.6.2" } }, "sha512-WuM31CgfsnQ/10i7NYr0PyxqknD72Y5uMfUMVSniPjbEPceiTErb4eIqJQ+pdxNEAUEWrewrGjIRjVbVHsxZiQ=="],

    "@smithy/protocol-http": ["@smithy/protocol-http@5.3.14", "", { "dependencies": { "@smithy/types": "^4.14.1", "tslib": "^2.6.2" } }, "sha512-dN5F8kHx8RNU0r+pCwNmFZyz6ChjMkzShy/zup6MtkRmmix4vZzJdW+di7x//b1LiynIev88FM18ie+wwPcQtQ=="],

    "@smithy/querystring-builder": ["@smithy/querystring-builder@4.2.14", "", { "dependencies": { "@smithy/types": "^4.14.1", "@smithy/util-uri-escape": "^4.2.2", "tslib": "^2.6.2" } }, "sha512-XYA5Z0IqTeF+5XDdh4BBmSA0HvbgVZIyv4cmOoUheDNR57K1HgBp9ukUMx3Cr3XpDHHpLBnexPE3LAtDsZkj2A=="],

    "@smithy/querystring-parser": ["@smithy/querystring-parser@4.2.14", "", { "dependencies": { "@smithy/types": "^4.14.1", "tslib": "^2.6.2" } }, "sha512-hr+YyqBD23GVvRxGGrcc/oOeNlK3PzT5Fu4dzrDXxzS1LpFiuL2PQQqKPs87M79aW7ziMs+nvB3qdw77SqE7Lw=="],

    "@smithy/service-error-classification": ["@smithy/service-error-classification@4.3.1", "", { "dependencies": { "@smithy/types": "^4.14.1" } }, "sha512-aUQuDGh760ts/8MU+APjIZhlLPKhIIfqyzZaJikLEIMrdxFvxuLYD0WxWzaYWpmLbQlXDe9p7EWM3HsBe0K6Gw=="],

    "@smithy/shared-ini-file-loader": ["@smithy/shared-ini-file-loader@4.4.9", "", { "dependencies": { "@smithy/types": "^4.14.1", "tslib": "^2.6.2" } }, "sha512-495/V2I15SHgedSJoDPD23JuSfKAp726ZI1V0wtjB07Wh7q/0tri/0e0DLefZCHgxZonrGKt/OCTpAtP1wE1kQ=="],

    "@smithy/signature-v4": ["@smithy/signature-v4@5.3.14", "", { "dependencies": { "@smithy/is-array-buffer": "^4.2.2", "@smithy/protocol-http": "^5.3.14", "@smithy/types": "^4.14.1", "@smithy/util-hex-encoding": "^4.2.2", "@smithy/util-middleware": "^4.2.14", "@smithy/util-uri-escape": "^4.2.2", "@smithy/util-utf8": "^4.2.2", "tslib": "^2.6.2" } }, "sha512-1D9Y/nmlVjCeSivCbhZ7hgEpmHyY1h0GvpSZt3l0xcD9JjmjVC1CHOozS6+Gh+/ldMH8JuJ6cujObQqfayAVFA=="],

    "@smithy/smithy-client": ["@smithy/smithy-client@4.12.13", "", { "dependencies": { "@smithy/core": "^3.23.17", "@smithy/middleware-endpoint": "^4.4.32", "@smithy/middleware-stack": "^4.2.14", "@smithy/protocol-http": "^5.3.14", "@smithy/types": "^4.14.1", "@smithy/util-stream": "^4.5.25", "tslib": "^2.6.2" } }, "sha512-y/Pcj1V9+qG98gyu1gvftHB7rDpdh+7kIBIggs55yGm3JdtBV8GT8IFF3a1qxZ79QnaJHX9GXzvBG6tAd+czJA=="],

    "@smithy/types": ["@smithy/types@4.14.1", "", { "dependencies": { "tslib": "^2.6.2" } }, "sha512-59b5HtSVrVR/eYNei3BUj3DCPKD/G7EtDDe7OEJE7i7FtQFugYo6MxbotS8mVJkLNVf8gYaAlEBwwtJ9HzhWSg=="],

    "@smithy/url-parser": ["@smithy/url-parser@4.2.14", "", { "dependencies": { "@smithy/querystring-parser": "^4.2.14", "@smithy/types": "^4.14.1", "tslib": "^2.6.2" } }, "sha512-p06BiBigJ8bTA3MgnOfCtDUWnAMY0YfedO/GRpmc7p+wg3KW8vbXy1xwSu5ASy0wV7rRYtlfZOIKH4XqfhjSQQ=="],

    "@smithy/util-base64": ["@smithy/util-base64@4.3.2", "", { "dependencies": { "@smithy/util-buffer-from": "^4.2.2", "@smithy/util-utf8": "^4.2.2", "tslib": "^2.6.2" } }, "sha512-XRH6b0H/5A3SgblmMa5ErXQ2XKhfbQB+Fm/oyLZ2O2kCUrwgg55bU0RekmzAhuwOjA9qdN5VU2BprOvGGUkOOQ=="],

    "@smithy/util-body-length-browser": ["@smithy/util-body-length-browser@4.2.2", "", { "dependencies": { "tslib": "^2.6.2" } }, "sha512-JKCrLNOup3OOgmzeaKQwi4ZCTWlYR5H4Gm1r2uTMVBXoemo1UEghk5vtMi1xSu2ymgKVGW631e2fp9/R610ZjQ=="],

    "@smithy/util-body-length-node": ["@smithy/util-body-length-node@4.2.3", "", { "dependencies": { "tslib": "^2.6.2" } }, "sha512-ZkJGvqBzMHVHE7r/hcuCxlTY8pQr1kMtdsVPs7ex4mMU+EAbcXppfo5NmyxMYi2XU49eqaz56j2gsk4dHHPG/g=="],

    "@smithy/util-buffer-from": ["@smithy/util-buffer-from@4.2.2", "", { "dependencies": { "@smithy/is-array-buffer": "^4.2.2", "tslib": "^2.6.2" } }, "sha512-FDXD7cvUoFWwN6vtQfEta540Y/YBe5JneK3SoZg9bThSoOAC/eGeYEua6RkBgKjGa/sz6Y+DuBZj3+YEY21y4Q=="],

    "@smithy/util-config-provider": ["@smithy/util-config-provider@4.2.2", "", { "dependencies": { "tslib": "^2.6.2" } }, "sha512-dWU03V3XUprJwaUIFVv4iOnS1FC9HnMHDfUrlNDSh4315v0cWyaIErP8KiqGVbf5z+JupoVpNM7ZB3jFiTejvQ=="],

    "@smithy/util-defaults-mode-browser": ["@smithy/util-defaults-mode-browser@4.3.49", "", { "dependencies": { "@smithy/property-provider": "^4.2.14", "@smithy/smithy-client": "^4.12.13", "@smithy/types": "^4.14.1", "tslib": "^2.6.2" } }, "sha512-a5bNrdiONYB/qE2BuKegvUMd/+ZDwdg4vsNuuSzYE8qs2EYAdK9CynL+Rzn29PbPiUqoz/cbpRbcLzD5lEevHw=="],

    "@smithy/util-defaults-mode-node": ["@smithy/util-defaults-mode-node@4.2.54", "", { "dependencies": { "@smithy/config-resolver": "^4.4.17", "@smithy/credential-provider-imds": "^4.2.14", "@smithy/node-config-provider": "^4.3.14", "@smithy/property-provider": "^4.2.14", "@smithy/smithy-client": "^4.12.13", "@smithy/types": "^4.14.1", "tslib": "^2.6.2" } }, "sha512-g1cvrJvOnzeJgEdf7AE4luI7gp6L8weE0y9a9wQUSGtjb8QRHDbCJYuE4Sy0SD9N8RrnNPFsPltAz/OSoBR9Zw=="],

    "@smithy/util-endpoints": ["@smithy/util-endpoints@3.4.2", "", { "dependencies": { "@smithy/node-config-provider": "^4.3.14", "@smithy/types": "^4.14.1", "tslib": "^2.6.2" } }, "sha512-a55Tr+3OKld4TTtnT+RhKOQHyPxm3j/xL4OR83WBUhLJaKDS9dnJ7arRMOp3t31dcLhApwG9bgvrRXBHlLdIkg=="],

    "@smithy/util-hex-encoding": ["@smithy/util-hex-encoding@4.2.2", "", { "dependencies": { "tslib": "^2.6.2" } }, "sha512-Qcz3W5vuHK4sLQdyT93k/rfrUwdJ8/HZ+nMUOyGdpeGA1Wxt65zYwi3oEl9kOM+RswvYq90fzkNDahPS8K0OIg=="],

    "@smithy/util-middleware": ["@smithy/util-middleware@4.2.14", "", { "dependencies": { "@smithy/types": "^4.14.1", "tslib": "^2.6.2" } }, "sha512-1Su2vj9RYNDEv/V+2E+jXkkwGsgR7dc4sfHn9Z7ruzQHJIEni9zzw5CauvRXlFJfmgcqYP8fWa0dkh2Q2YaQyw=="],

    "@smithy/util-retry": ["@smithy/util-retry@4.3.8", "", { "dependencies": { "@smithy/service-error-classification": "^4.3.1", "@smithy/types": "^4.14.1", "tslib": "^2.6.2" } }, "sha512-LUIxbTBi+OpvXpg91poGA6BdyoleMDLnfXjVDqyi2RvZmTveY5loE/FgYUBCR5LU2BThW2SoZRh8dTIIy38IPw=="],

    "@smithy/util-stream": ["@smithy/util-stream@4.5.25", "", { "dependencies": { "@smithy/fetch-http-handler": "^5.3.17", "@smithy/node-http-handler": "^4.6.1", "@smithy/types": "^4.14.1", "@smithy/util-base64": "^4.3.2", "@smithy/util-buffer-from": "^4.2.2", "@smithy/util-hex-encoding": "^4.2.2", "@smithy/util-utf8": "^4.2.2", "tslib": "^2.6.2" } }, "sha512-/PFpG4k8Ze8Ei+mMKj3oiPICYekthuzePZMgZbCqMiXIHHf4n2aZ4Ps0aSRShycFTGuj/J6XldmC0x0DwednIA=="],

    "@smithy/util-uri-escape": ["@smithy/util-uri-escape@4.2.2", "", { "dependencies": { "tslib": "^2.6.2" } }, "sha512-2kAStBlvq+lTXHyAZYfJRb/DfS3rsinLiwb+69SstC9Vb0s9vNWkRwpnj918Pfi85mzi42sOqdV72OLxWAISnw=="],

    "@smithy/util-utf8": ["@smithy/util-utf8@4.2.2", "", { "dependencies": { "@smithy/util-buffer-from": "^4.2.2", "tslib": "^2.6.2" } }, "sha512-75MeYpjdWRe8M5E3AW0O4Cx3UadweS+cwdXjwYGBW5h/gxxnbeZ877sLPX/ZJA9GVTlL/qG0dXP29JWFCD1Ayw=="],

    "@smithy/uuid": ["@smithy/uuid@1.1.2", "", { "dependencies": { "tslib": "^2.6.2" } }, "sha512-O/IEdcCUKkubz60tFbGA7ceITTAJsty+lBjNoorP4Z6XRqaFb/OjQjZODophEcuq68nKm6/0r+6/lLQ+XVpk8g=="],

    "@types/better-sqlite3": ["@types/better-sqlite3@7.6.13", "", { "dependencies": { "@types/node": "*" } }, "sha512-NMv9ASNARoKksWtsq/SHakpYAYnhBrQgGD8zkLYk/jaK8jUGn08CfEdTRgYhMypUQAfzSP8W6gNLe0q19/t4VA=="],

    "@types/bun": ["@types/bun@1.3.5", "", { "dependencies": { "bun-types": "1.3.5" } }, "sha512-RnygCqNrd3srIPEWBd5LFeUYG7plCoH2Yw9WaZGyNmdTEei+gWaHqydbaIRkIkcbXwhBT94q78QljxN0Sk838w=="],

    "@types/localtunnel": ["@types/localtunnel@2.0.4", "", { "dependencies": { "@types/node": "*" } }, "sha512-7WM5nlEfEKp8MpwthPa2utdy+f/7ZBxMPzu8qw6EijFFTcpzh5CXgt2YoncxWAZNOPNieMofXCKFudtDEY4bag=="],

    "@types/node": ["@types/node@25.0.3", "", { "dependencies": { "undici-types": "~7.16.0" } }, "sha512-W609buLVRVmeW693xKfzHeIV6nJGGz98uCPfeXI1ELMLXVeKYZ9m15fAMSaUPBHYLGFsVRcMmSCksQOrZV9BYA=="],

    "ansi-regex": ["ansi-regex@5.0.1", "", {}, "sha512-quJQXlTSUGL2LH9SUXo8VwsY4soanhgo6LNSm84E1LBcE8s3O0wpdiRzyR9z/ZZJMlMWv37qOOb9pdJlMUEKFQ=="],

    "ansi-styles": ["ansi-styles@4.3.0", "", { "dependencies": { "color-convert": "^2.0.1" } }, "sha512-zbB9rCJAT1rbjiVDb2hqKFHNYLxgtk8NURxZ3IZwD3F6NtxbXZQCnnSi1Lkx+IDohdPlFp222wVALIheZJQSEg=="],

    "axios": ["axios@0.21.4", "", { "dependencies": { "follow-redirects": "^1.14.0" } }, "sha512-ut5vewkiu8jjGBdqpM44XxjuCjq9LAKeHVmoVfHVzy8eHgxxq8SbAVQNovDA8mVi05kP0Ea/n/UzcSHcTJQfNg=="],

    "base64-js": ["base64-js@1.5.1", "", {}, "sha512-AKpaYlHn8t4SVbOHCy+b5+KKgvR4vrsD8vbvrbiQJps7fKDTkjkDry6ji0rUJjC0kzbNePLwzxq8iypo41qeWA=="],

    "better-sqlite3": ["better-sqlite3@11.10.0", "", { "dependencies": { "bindings": "^1.5.0", "prebuild-install": "^7.1.1" } }, "sha512-EwhOpyXiOEL/lKzHz9AW1msWFNzGc/z+LzeB3/jnFJpxu+th2yqvzsSWas1v9jgs9+xiXJcD5A8CJxAG2TaghQ=="],

    "bindings": ["bindings@1.5.0", "", { "dependencies": { "file-uri-to-path": "1.0.0" } }, "sha512-p2q/t/mhvuOj/UeLlV6566GD/guowlr0hHxClI0W9m7MWYkL1F0hLo+0Aexs9HSPCtR1SXQ0TD3MMKrXZajbiQ=="],

    "bl": ["bl@4.1.0", "", { "dependencies": { "buffer": "^5.5.0", "inherits": "^2.0.4", "readable-stream": "^3.4.0" } }, "sha512-1W07cM9gS6DcLperZfFSj+bWLtaPGSOHWhPiGzXmvVJbRLdG82sH/Kn8EtW1VqWVA54AKf2h5k5BbnIbwF3h6w=="],

    "bowser": ["bowser@2.14.1", "", {}, "sha512-tzPjzCxygAKWFOJP011oxFHs57HzIhOEracIgAePE4pqB3LikALKnSzUyU4MGs9/iCEUuHlAJTjTc5M+u7YEGg=="],

    "buffer": ["buffer@5.7.1", "", { "dependencies": { "base64-js": "^1.3.1", "ieee754": "^1.1.13" } }, "sha512-EHcyIPBQ4BSGlvjB16k5KgAJ27CIsHY/2JBmCRReo48y9rQ3MaUzWX3KVlBa4U7MyX02HdVj0K7C3WaB3ju7FQ=="],

    "bun-types": ["bun-types@1.3.5", "", { "dependencies": { "@types/node": "*" } }, "sha512-inmAYe2PFLs0SUbFOWSVD24sg1jFlMPxOjOSSCYqUgn4Hsc3rDc7dFvfVYjFPNHtov6kgUeulV4SxbuIV/stPw=="],

    "chownr": ["chownr@1.1.4", "", {}, "sha512-jJ0bqzaylmJtVnNgzTeSOs8DPavpbYgEr/b0YL8/2GO3xJEhInFmhKMUnEJQjZumK7KXGFhUy89PrsJWlakBVg=="],

    "citty": ["citty@0.1.6", "", { "dependencies": { "consola": "^3.2.3" } }, "sha512-tskPPKEs8D2KPafUypv2gxwJP8h/OaJmC82QQGGDQcHvXX43xF2VDACcJVmZ0EuSxkpO9Kc4MlrA3q0+FG58AQ=="],

    "cliui": ["cliui@7.0.4", "", { "dependencies": { "string-width": "^4.2.0", "strip-ansi": "^6.0.0", "wrap-ansi": "^7.0.0" } }, "sha512-OcRE68cOsVMXp1Yvonl/fzkQOyjLSu/8bhPDfQt0e0/Eb283TKP20Fs2MqoPsr9SwA595rRCA+QMzYc9nBP+JQ=="],

    "color-convert": ["color-convert@2.0.1", "", { "dependencies": { "color-name": "~1.1.4" } }, "sha512-RRECPsj7iu/xb5oKYcsFHSppFNnsj/52OVTRKb4zP5onXwVF3zVmmToNcOfGC+CRDpfK/U584fMg38ZHCaElKQ=="],

    "color-name": ["color-name@1.1.4", "", {}, "sha512-dOy+3AuW3a2wNbZHIuMZpTcgjGuLU/uBL/ubcZF9OXbDo8ff4O8yVp5Bf0efS8uEoYo5q4Fx7dY9OgQGXgAsQA=="],

    "consola": ["consola@3.4.2", "", {}, "sha512-5IKcdX0nnYavi6G7TtOhwkYzyjfJlatbjMjuLSfE2kYT5pMDOilZ4OvMhi637CcDICTmz3wARPoyhqyX1Y+XvA=="],

    "debug": ["debug@4.3.2", "", { "dependencies": { "ms": "2.1.2" } }, "sha512-mOp8wKcvj7XxC78zLgw/ZA+6TSgkoE2C/ienthhRD298T7UNwAg9diBpLRxC0mOezLl4B0xV7M0cCO6P/O0Xhw=="],

    "decompress-response": ["decompress-response@6.0.0", "", { "dependencies": { "mimic-response": "^3.1.0" } }, "sha512-aW35yZM6Bb/4oJlZncMH2LCoZtJXTRxES17vE3hoRiowU2kWHaJKFkSBDnDR+cm9J+9QhXmREyIfv0pji9ejCQ=="],

    "deep-extend": ["deep-extend@0.6.0", "", {}, "sha512-LOHxIOaPYdHlJRtCQfDIVZtfw/ufM8+rVj649RIHzcm/vGwQRXFt6OPqIFWsm2XEMrNIEtWR64sY1LEKD2vAOA=="],

    "detect-libc": ["detect-libc@2.1.2", "", {}, "sha512-Btj2BOOO83o3WyH59e8MgXsxEQVcarkUOpEYrubB0urwnN10yQ364rsiByU11nZlqWYZm05i/of7io4mzihBtQ=="],

    "emoji-regex": ["emoji-regex@8.0.0", "", {}, "sha512-MSjYzcWNOA0ewAHpz0MxpYFvwg6yjy1NG3xteoqz644VCo/RPgnr1/GGt+ic3iJTzQ8Eu3TdM14SawnVUmGE6A=="],

    "end-of-stream": ["end-of-stream@1.4.5", "", { "dependencies": { "once": "^1.4.0" } }, "sha512-ooEGc6HP26xXq/N+GCGOT0JKCLDGrq2bQUZrQ7gyrJiZANJ/8YDTxTpQBXGMn+WbIQXNVpyWymm7KYVICQnyOg=="],

    "escalade": ["escalade@3.2.0", "", {}, "sha512-WUj2qlxaQtO4g6Pq5c29GTcWGDyd8itL8zTlipgECz3JesAiiOKotd8JU6otB3PACgG6xkJUyVhboMS+bje/jA=="],

    "expand-template": ["expand-template@2.0.3", "", {}, "sha512-XYfuKMvj4O35f/pOXLObndIRvyQ+/+6AhODh+OKWj9S9498pHHn/IMszH+gt0fBCRWMNfk1ZSp5x3AifmnI2vg=="],

    "fast-xml-builder": ["fast-xml-builder@1.2.0", "", { "dependencies": { "path-expression-matcher": "^1.5.0", "xml-naming": "^0.1.0" } }, "sha512-00aAWieqff+ZJhsXA4g1g7M8k+7AYoMUUHF+/zFb5U6Uv/P0Vl4QZo84/IcufzYalLuEj9928bXN9PbbFzMF0Q=="],

    "fast-xml-parser": ["fast-xml-parser@5.7.2", "", { "dependencies": { "@nodable/entities": "^2.1.0", "fast-xml-builder": "^1.1.5", "path-expression-matcher": "^1.5.0", "strnum": "^2.2.3" }, "bin": { "fxparser": "src/cli/cli.js" } }, "sha512-P7oW7tLbYnhOLQk/Gv7cZgzgMPP/XN03K02/Jy6Y/NHzyIAIpxuZIM/YqAkfiXFPxA2CTm7NtCijK9EDu09u2w=="],

    "file-uri-to-path": ["file-uri-to-path@1.0.0", "", {}, "sha512-0Zt+s3L7Vf1biwWZ29aARiVYLx7iMGnEUl9x33fbB/j3jR81u/O2LbqK+Bm1CDSNDKVtJ/YjwY7TUd5SkeLQLw=="],

    "follow-redirects": ["follow-redirects@1.15.11", "", {}, "sha512-deG2P0JfjrTxl50XGCDyfI97ZGVCxIpfKYmfyrQ54n5FO/0gfIES8C/Psl6kWVDolizcaaxZJnTS0QSMxvnsBQ=="],

    "fs-constants": ["fs-constants@1.0.0", "", {}, "sha512-y6OAwoSIf7FyjMIv94u+b5rdheZEjzR63GTyZJm5qh4Bi+2YgwLCcI/fPFZkL5PSixOt6ZNKm+w+Hfp/Bciwow=="],

    "get-caller-file": ["get-caller-file@2.0.5", "", {}, "sha512-DyFP3BM/3YHTQOCUL/w0OZHR0lpKeGrxotcHWcqNEdnltqFwXVfhEBQ94eIo34AfQpo0rGki4cyIiftY06h2Fg=="],

    "github-from-package": ["github-from-package@0.0.0", "", {}, "sha512-SyHy3T1v2NUXn29OsWdxmK6RwHD+vkj3v8en8AOBZ1wBQ/hCAQ5bAQTD02kW4W9tUp/3Qh6J8r9EvntiyCmOOw=="],

    "hono": ["hono@4.11.1", "", {}, "sha512-KsFcH0xxHes0J4zaQgWbYwmz3UPOOskdqZmItstUG93+Wk1ePBLkLGwbP9zlmh1BFUiL8Qp+Xfu9P7feJWpGNg=="],

    "ieee754": ["ieee754@1.2.1", "", {}, "sha512-dcyqhDvX1C46lXZcVqCpK+FtMRQVdIMN6/Df5js2zouUsqG7I6sFxitIC+7KYK29KdXOLHdu9zL4sFnoVQnqaA=="],

    "inherits": ["inherits@2.0.4", "", {}, "sha512-k/vGaX4/Yla3WzyMCvTQOXYeIHvqOKtnqBduzTHpzpQZzAskKMhZ2K+EnBiSM9zGSoIFeMpXKxa4dYeZIQqewQ=="],

    "ini": ["ini@1.3.8", "", {}, "sha512-JV/yugV2uzW5iMRSiZAyDtQd+nxtUnjeLt0acNdw98kKLrvuRVyB80tsREOE7yvGVgalhZ6RNXCmEHkUKBKxew=="],

    "is-fullwidth-code-point": ["is-fullwidth-code-point@3.0.0", "", {}, "sha512-zymm5+u+sCsSWyD9qNaejV3DFvhCKclKdizYaJUuHA83RLjb7nSuGnddCHGv0hk+KY7BMAlsWeK4Ueg6EV6XQg=="],

    "localtunnel": ["localtunnel@2.0.2", "", { "dependencies": { "axios": "0.21.4", "debug": "4.3.2", "openurl": "1.1.1", "yargs": "17.1.1" }, "bin": { "lt": "bin/lt.js" } }, "sha512-n418Cn5ynvJd7m/N1d9WVJISLJF/ellZnfsLnx8WBWGzxv/ntNcFkJ1o6se5quUhCplfLGBNL5tYHiq5WF3Nug=="],

    "mimic-response": ["mimic-response@3.1.0", "", {}, "sha512-z0yWI+4FDrrweS8Zmt4Ej5HdJmky15+L2e6Wgn3+iK5fWzb6T3fhNFq2+MeTRb064c6Wr4N/wv0DzQTjNzHNGQ=="],

    "minimist": ["minimist@1.2.8", "", {}, "sha512-2yyAR8qBkN3YuheJanUpWC5U3bb5osDywNB8RzDVlDwDHbocAJveqqj1u8+SVD7jkWT4yvsHCpWqqWqAxb0zCA=="],

    "mkdirp-classic": ["mkdirp-classic@0.5.3", "", {}, "sha512-gKLcREMhtuZRwRAfqP3RFW+TK4JqApVBtOIftVgjuABpAtpxhPGaDcfvbhNvD0B8iD1oUr/txX35NjcaY6Ns/A=="],

    "ms": ["ms@2.1.2", "", {}, "sha512-sGkPx+VjMtmA6MX27oA4FBFELFCZZ4S4XqeGOXCv68tT+jb3vk/RyaKWP0PTKyWtmLSM0b+adUTEvbs1PEaH2w=="],

    "napi-build-utils": ["napi-build-utils@2.0.0", "", {}, "sha512-GEbrYkbfF7MoNaoh2iGG84Mnf/WZfB0GdGEsM8wz7Expx/LlWf5U8t9nvJKXSp3qr5IsEbK04cBGhol/KwOsWA=="],

    "node-abi": ["node-abi@3.85.0", "", { "dependencies": { "semver": "^7.3.5" } }, "sha512-zsFhmbkAzwhTft6nd3VxcG0cvJsT70rL+BIGHWVq5fi6MwGrHwzqKaxXE+Hl2GmnGItnDKPPkO5/LQqjVkIdFg=="],

    "once": ["once@1.4.0", "", { "dependencies": { "wrappy": "1" } }, "sha512-lNaJgI+2Q5URQBkccEKHTQOPaXdUxnZZElQTZY0MFUAuaEqe1E+Nyvgdz/aIyNi6Z9MzO5dv1H8n58/GELp3+w=="],

    "openurl": ["openurl@1.1.1", "", {}, "sha512-d/gTkTb1i1GKz5k3XE3XFV/PxQ1k45zDqGP2OA7YhgsaLoqm6qRvARAZOFer1fcXritWlGBRCu/UgeS4HAnXAA=="],

    "path-expression-matcher": ["path-expression-matcher@1.5.0", "", {}, "sha512-cbrerZV+6rvdQrrD+iGMcZFEiiSrbv9Tfdkvnusy6y0x0GKBXREFg/Y65GhIfm0tnLntThhzCnfKwp1WRjeCyQ=="],

    "prebuild-install": ["prebuild-install@7.1.3", "", { "dependencies": { "detect-libc": "^2.0.0", "expand-template": "^2.0.3", "github-from-package": "0.0.0", "minimist": "^1.2.3", "mkdirp-classic": "^0.5.3", "napi-build-utils": "^2.0.0", "node-abi": "^3.3.0", "pump": "^3.0.0", "rc": "^1.2.7", "simple-get": "^4.0.0", "tar-fs": "^2.0.0", "tunnel-agent": "^0.6.0" }, "bin": { "prebuild-install": "bin.js" } }, "sha512-8Mf2cbV7x1cXPUILADGI3wuhfqWvtiLA1iclTDbFRZkgRQS0NqsPZphna9V+HyTEadheuPmjaJMsbzKQFOzLug=="],

    "pump": ["pump@3.0.3", "", { "dependencies": { "end-of-stream": "^1.1.0", "once": "^1.3.1" } }, "sha512-todwxLMY7/heScKmntwQG8CXVkWUOdYxIvY2s0VWAAMh/nd8SoYiRaKjlr7+iCs984f2P8zvrfWcDDYVb73NfA=="],

    "rc": ["rc@1.2.8", "", { "dependencies": { "deep-extend": "^0.6.0", "ini": "~1.3.0", "minimist": "^1.2.0", "strip-json-comments": "~2.0.1" }, "bin": { "rc": "./cli.js" } }, "sha512-y3bGgqKj3QBdxLbLkomlohkvsA8gdAiUQlSBJnBhfn+BPxg4bc62d8TcBW15wavDfgexCgccckhcZvywyQYPOw=="],

    "readable-stream": ["readable-stream@3.6.2", "", { "dependencies": { "inherits": "^2.0.3", "string_decoder": "^1.1.1", "util-deprecate": "^1.0.1" } }, "sha512-9u/sniCrY3D5WdsERHzHE4G2YCXqoG5FTHUiCC4SIbr6XcLZBY05ya9EKjYek9O5xOAwjGq+1JdGBAS7Q9ScoA=="],

    "require-directory": ["require-directory@2.1.1", "", {}, "sha512-fGxEI7+wsG9xrvdjsrlmL22OMTTiHRwAMroiEeMgq8gzoLC/PQr7RsRDSTLUg/bZAZtF+TVIkHc6/4RIKrui+Q=="],

    "safe-buffer": ["safe-buffer@5.2.1", "", {}, "sha512-rp3So07KcdmmKbGvgaNxQSJr7bGVSVk5S9Eq1F+ppbRo70+YeaDxkw5Dd8NPN+GD6bjnYm2VuPuCXmpuYvmCXQ=="],

    "semver": ["semver@7.7.3", "", { "bin": { "semver": "bin/semver.js" } }, "sha512-SdsKMrI9TdgjdweUSR9MweHA4EJ8YxHn8DFaDisvhVlUOe4BF1tLD7GAj0lIqWVl+dPb/rExr0Btby5loQm20Q=="],

    "simple-concat": ["simple-concat@1.0.1", "", {}, "sha512-cSFtAPtRhljv69IK0hTVZQ+OfE9nePi/rtJmw5UjHeVyVroEqJXP1sFztKUy1qU+xvz3u/sfYJLa947b7nAN2Q=="],

    "simple-get": ["simple-get@4.0.1", "", { "dependencies": { "decompress-response": "^6.0.0", "once": "^1.3.1", "simple-concat": "^1.0.0" } }, "sha512-brv7p5WgH0jmQJr1ZDDfKDOSeWWg+OVypG99A/5vYGPqJ6pxiaHLy8nxtFjBA7oMa01ebA9gfh1uMCFqOuXxvA=="],

    "string-width": ["string-width@4.2.3", "", { "dependencies": { "emoji-regex": "^8.0.0", "is-fullwidth-code-point": "^3.0.0", "strip-ansi": "^6.0.1" } }, "sha512-wKyQRQpjJ0sIp62ErSZdGsjMJWsap5oRNihHhu6G7JVO/9jIB6UyevL+tXuOqrng8j/cxKTWyWUwvSTriiZz/g=="],

    "string_decoder": ["string_decoder@1.3.0", "", { "dependencies": { "safe-buffer": "~5.2.0" } }, "sha512-hkRX8U1WjJFd8LsDJ2yQ/wWWxaopEsABU1XfkM8A+j0+85JAGppt16cr1Whg6KIbb4okU6Mql6BOj+uup/wKeA=="],

    "strip-ansi": ["strip-ansi@6.0.1", "", { "dependencies": { "ansi-regex": "^5.0.1" } }, "sha512-Y38VPSHcqkFrCpFnQ9vuSXmquuv5oXOKpGeT6aGrr3o3Gc9AlVa6JBfUSOCnbxGGZF+/0ooI7KrPuUSztUdU5A=="],

    "strip-json-comments": ["strip-json-comments@2.0.1", "", {}, "sha512-4gB8na07fecVVkOI6Rs4e7T6NOTki5EmL7TUduTs6bu3EdnSycntVJ4re8kgZA+wx9IueI2Y11bfbgwtzuE0KQ=="],

    "strnum": ["strnum@2.3.0", "", {}, "sha512-ums3KNd42PGyx5xaoVTO1mjU1bH3NpY4vsrVlnv9PNGqQj8wd7rJ6nEypLrJ7z5vxK5RP0yMLo6J/Gsm62DI5Q=="],

    "tar-fs": ["tar-fs@2.1.4", "", { "dependencies": { "chownr": "^1.1.1", "mkdirp-classic": "^0.5.2", "pump": "^3.0.0", "tar-stream": "^2.1.4" } }, "sha512-mDAjwmZdh7LTT6pNleZ05Yt65HC3E+NiQzl672vQG38jIrehtJk/J3mNwIg+vShQPcLF/LV7CMnDW6vjj6sfYQ=="],

    "tar-stream": ["tar-stream@2.2.0", "", { "dependencies": { "bl": "^4.0.3", "end-of-stream": "^1.4.1", "fs-constants": "^1.0.0", "inherits": "^2.0.3", "readable-stream": "^3.1.1" } }, "sha512-ujeqbceABgwMZxEJnk2HDY2DlnUZ+9oEcb1KzTVfYHio0UE6dG71n60d8D2I4qNvleWrrXpmjpt7vZeF1LnMZQ=="],

    "tslib": ["tslib@2.8.1", "", {}, "sha512-oJFu94HQb+KVduSUQL7wnpmqnfmLsOA/nAh6b6EH0wCEoK0/mPeXU6c3wKDV83MkOuHPRHtSXKKU99IBazS/2w=="],

    "tunnel-agent": ["tunnel-agent@0.6.0", "", { "dependencies": { "safe-buffer": "^5.0.1" } }, "sha512-McnNiV1l8RYeY8tBgEpuodCC1mLUdbSN+CYBL7kJsJNInOP8UjDDEwdk6Mw60vdLLrr5NHKZhMAOSrR2NZuQ+w=="],

    "typescript": ["typescript@5.9.3", "", { "bin": { "tsc": "bin/tsc", "tsserver": "bin/tsserver" } }, "sha512-jl1vZzPDinLr9eUt3J/t7V6FgNEw9QjvBPdysz9KfQDD41fQrC2Y4vKQdiaUpFT4bXlb1RHhLpp8wtm6M5TgSw=="],

    "undici": ["undici@7.16.0", "", {}, "sha512-QEg3HPMll0o3t2ourKwOeUAZ159Kn9mx5pnzHRQO8+Wixmh88YdZRiIwat0iNzNNXn0yoEtXJqFpyW7eM8BV7g=="],

    "undici-types": ["undici-types@7.16.0", "", {}, "sha512-Zz+aZWSj8LE6zoxD+xrjh4VfkIG8Ya6LvYkZqtUQGJPZjYl53ypCaUwWqo7eI0x66KBGeRo+mlBEkMSeSZ38Nw=="],

    "util-deprecate": ["util-deprecate@1.0.2", "", {}, "sha512-EPD5q1uXyFxJpCrLnCc1nHnq3gOa6DZBocAIiI2TaSCA7VCJ1UJDMagCzIkXNsUYfD1daK//LTEQ8xiIbrHtcw=="],

    "wrap-ansi": ["wrap-ansi@7.0.0", "", { "dependencies": { "ansi-styles": "^4.0.0", "string-width": "^4.1.0", "strip-ansi": "^6.0.0" } }, "sha512-YVGIj2kamLSTxw6NsZjoBxfSwsn0ycdesmc4p+Q21c5zPuZ1pl+NfxVdxPtdHvmNVOQ6XSYG4AUtyt/Fi7D16Q=="],

    "wrappy": ["wrappy@1.0.2", "", {}, "sha512-l4Sp/DRseor9wL6EvV2+TuQn63dMkPjZ/sp9XkghTEbV9KlPS1xUsZ3u7/IQO4wxtcFB4bgpQPRcR3QCvezPcQ=="],

    "xml-naming": ["xml-naming@0.1.0", "", {}, "sha512-k8KO9hrMyNk6tUWqUfkTEZbezRRpONVOzUTnc97VnCvyj6Tf9lyUR9EDAIeiVLv56jsMcoXEwjW8Kv5yPY52lw=="],

    "y18n": ["y18n@5.0.8", "", {}, "sha512-0pfFzegeDWJHJIAmTLRP2DwHjdF5s7jo9tuztdQxAhINCdvS+3nGINqPd00AphqJR/0LhANUS6/+7SCb98YOfA=="],

    "yargs": ["yargs@17.1.1", "", { "dependencies": { "cliui": "^7.0.2", "escalade": "^3.1.1", "get-caller-file": "^2.0.5", "require-directory": "^2.1.1", "string-width": "^4.2.0", "y18n": "^5.0.5", "yargs-parser": "^20.2.2" } }, "sha512-c2k48R0PwKIqKhPMWjeiF6y2xY/gPMUlro0sgxqXpbOIohWiLNXWslsootttv7E1e73QPAMQSg5FeySbVcpsPQ=="],

    "yargs-parser": ["yargs-parser@20.2.9", "", {}, "sha512-y11nGElTIV+CT3Zv9t7VKl+Q3hTQoT9a1Qzezhhl6Rp21gJ/IVTW7Z3y9EWXhuUBC2Shnf+DX0antecpAwSP8w=="],

    "@aws-crypto/sha256-browser/@smithy/util-utf8": ["@smithy/util-utf8@2.3.0", "", { "dependencies": { "@smithy/util-buffer-from": "^2.2.0", "tslib": "^2.6.2" } }, "sha512-R8Rdn8Hy72KKcebgLiv8jQcQkXoLMOGGv5uI1/k0l+snqkOzQ1R0ChUBCxWMlBsFMekWjq0wRudIweFs7sKT5A=="],

    "@aws-crypto/util/@smithy/util-utf8": ["@smithy/util-utf8@2.3.0", "", { "dependencies": { "@smithy/util-buffer-from": "^2.2.0", "tslib": "^2.6.2" } }, "sha512-R8Rdn8Hy72KKcebgLiv8jQcQkXoLMOGGv5uI1/k0l+snqkOzQ1R0ChUBCxWMlBsFMekWjq0wRudIweFs7sKT5A=="],

    "@aws-crypto/sha256-browser/@smithy/util-utf8/@smithy/util-buffer-from": ["@smithy/util-buffer-from@2.2.0", "", { "dependencies": { "@smithy/is-array-buffer": "^2.2.0", "tslib": "^2.6.2" } }, "sha512-IJdWBbTcMQ6DA0gdNhh/BwrLkDR+ADW5Kr1aZmd4k3DIF6ezMV4R2NIAmT08wQJ3yUK82thHWmC/TnK/wpMMIA=="],

    "@aws-crypto/util/@smithy/util-utf8/@smithy/util-buffer-from": ["@smithy/util-buffer-from@2.2.0", "", { "dependencies": { "@smithy/is-array-buffer": "^2.2.0", "tslib": "^2.6.2" } }, "sha512-IJdWBbTcMQ6DA0gdNhh/BwrLkDR+ADW5Kr1aZmd4k3DIF6ezMV4R2NIAmT08wQJ3yUK82thHWmC/TnK/wpMMIA=="],

    "@aws-crypto/sha256-browser/@smithy/util-utf8/@smithy/util-buffer-from/@smithy/is-array-buffer": ["@smithy/is-array-buffer@2.2.0", "", { "dependencies": { "tslib": "^2.6.2" } }, "sha512-GGP3O9QFD24uGeAXYUjwSTXARoqpZykHadOmA8G5vfJPK0/DC67qa//0qvqrJzL1xc8WQWX7/yc7fwudjPHPhA=="],

    "@aws-crypto/util/@smithy/util-utf8/@smithy/util-buffer-from/@smithy/is-array-buffer": ["@smithy/is-array-buffer@2.2.0", "", { "dependencies": { "tslib": "^2.6.2" } }, "sha512-GGP3O9QFD24uGeAXYUjwSTXARoqpZykHadOmA8G5vfJPK0/DC67qa//0qvqrJzL1xc8WQWX7/yc7fwudjPHPhA=="],
  }
}
